github.com/cdevr/WapSNMP v0.1.0 h1:4sddPZRxDQ2Ze8VsQ0hHExHa7zxY4t1wg3d3VNs3PTA=
github.com/cdevr/WapSNMP v0.1.0/go.mod h1:tX707u2fk9FyXwci4AXpDYOtII8erOUhdKy/d47ZyBU=
github.com/google/go-cmp v0.7.0 h1:wk8382ETsv4JYUZwIsn6YpYiWiBsYLSJiTsyBybVuN8=
github.com/google/go-cmp v0.7.0/go.mod h1:pXiqmnSA92OHEEa9HXL2W4E7lf9JzCmGVUdgjX3N/iU=
github.com/google/uuid v1.6.0 h1:NIvaJDMOsjHA8n1jAhLSgzrAzy1Hgr+hNrb57e+94F0=
github.com/google/uuid v1.6.0/go.mod h1:TIyPZe4MgqvfeYDBFedMoGGpEw/LqOeaOT+nhxU+yHo=
github.com/lib/pq v1.12.0 h1:mC1zeiNamwKBecjHarAr26c/+d8V5w/u4J0I/yASbJo=
github.com/lib/pq v1.12.0/go.mod h1:/p+8NSbOcwzAEI7wiMXFlgydTwcgTr3OSKMsD2BitpA=
github.com/saichler/l8alarms/go v0.0.0-20260328170950-83e48d7617d8 h1:nCgTK/IBtdbfqMn16Nx63qg9bgs8kYS0hpfrAqYRyHg=
github.com/saichler/l8alarms/go v0.0.0-20260328170950-83e48d7617d8/go.mod h1:qiyMV9/seu1TBjwNCCeHTtaJRnkNMs3f7cafl0QpmcU=
github.com/saichler/l8bus v0.0.0-20260326134657-42f845bc01f6 h1:NEodR8lQilyWoo03dUO5VLIcBTP4i4BfYqpG3ZXugQU=
github.com/saichler/l8bus v0.0.0-20260326134657-42f845bc01f6/go.mod h1:ZK1m4Zqy9WhGVZXl5znHTr7+/r19rOytqwBqhH02Ui8=
github.com/saichler/l8collector/go v0.0.0-20260328121848-da6217051a21 h1:hi8FAt40dUZo31qC/RCc6jK79s598kiBW7ZiYYs0iYw=
github.com/saichler/l8collector/go v0.0.0-20260328121848-da6217051a21/go.mod h1:bHG+TSOwHDcQY0rGBbJYla6M437pl0t/+TFCS+w031c=
github.com/saichler/l8events v0.0.0-20260326140304-4e54a1195008 h1:qg/v/1EpFwaBqQXewzveI8asXCG9cE/E/J01WXSWda0=
github.com/saichler/l8events v0.0.0-20260326140304-4e54a1195008/go.mod h1:I4Q8hqG5md+SNPUj4In9vSUlyqQERVQuxA+s6hCas54=
github.com/saichler/l8inventory v0.0.0-20260320120140-f6e067efe004 h1:zdbUgQgWRKHgJo+Ve2YWpEwP1wXNiBeju57H3lU+hEI=
github.com/saichler/l8inventory v0.0.0-20260320120140-f6e067efe004/go.mod h1:E+tqrId/NI7r54qbAALRV48nLXiCYkdVwFStjDjbd0o=
github.com/saichler/l8logfusion v0.0.0-20260320120056-3a3617eed28f h1:Nu6RgBrk2H9tSXSRCsahJb/f8hrMrsL6zfYuSA5WutU=
github.com/saichler/l8logfusion v0.0.0-20260320120056-3a3617eed28f/go.mod h1:EhJL938t2Xp4gOS6qw267xa5hNuumSVUi1zhWzTxZk8=
github.com/saichler/l8notify/go v0.0.0-20260320113306-6db6382372d4 h1:uVhz6Cg9p9jlxTbjF6vU55ECqvWn8XCJ+kB2bAd0mFU=
github.com/saichler/l8notify/go v0.0.0-20260320113306-6db6382372d4/go.mod h1:9Ise7dfsIAf0zaD+B3Obq58hrWIJ5NAycIUIj7TLq54=
github.com/saichler/l8orm v0.0.0-20260327104648-5205c04539f2 h1:0t/IMsF1uo2C7PuQH9foQmW6FJ5+oBXosuX/TK40WU4=
github.com/saichler/l8orm v0.0.0-20260327104648-5205c04539f2/go.mod h1:FYnievTs9ZZ3WE8pjDC1y2Mu+SnNJa7rPY5q1LJbn+A=
github.com/saichler/l8parser v0.0.0-20260328115618-8e650a75e78d h1:I+pV60HapYnZ+zZrLzmeFf6r4U8vl/U2yIlotTVz+qo=
github.com/saichler/l8parser v0.0.0-20260328115618-8e650a75e78d/go.mod h1:PRw7kEhr7ciL/ERg0SqG80SWd1k1NRZoRY7bTKiibxc=
github.com/saichler/l8pollaris v0.0.0-20260320112831-4bda37975bd5 h1:OSKNrMssV45eBWr02xumUUYYvsdMQUUlgPZAEquUkIk=
github.com/saichler/l8pollaris v0.0.0-20260320112831-4bda37975bd5/go.mod h1:rKrN5hhpgU8hjfPZ6R8/iYN7UWhTZ4t168jcwa9HVMQ=
github.com/saichler/l8ql v0.0.0-20260322130921-a31581a0ab5f h1:dXbobK/1hPqtp4ys1JF9xueRj2JgZColFoXdMVH87zc=
github.com/saichler/l8ql v0.0.0-20260322130921-a31581a0ab5f/go.mod h1:boBPUwEYgpyyTcZcqqjDDYgqkjemEO7iR8kdOwkS1S0=
github.com/saichler/l8reflect v0.0.0-20260327101437-6da0c1cef4c9 h1:5ergxF19aF+IsFVTMQLLJd2gvUipCPB93T/O9DPaxQw=
github.com/saichler/l8reflect v0.0.0-20260327101437-6da0c1cef4c9/go.mod h1:yCkCd5JQKqKG+dr6h0HYDiLvNAB8uLUUOdWApnWUw24=
github.com/saichler/l8services v0.0.0-20260324202357-03d40602ca59 h1:yrIe16VZ/LfqbnJBLFTZ1IWSbPPGq7Hf2dbcr74Hjvg=
github.com/saichler/l8services v0.0.0-20260324202357-03d40602ca59/go.mod h1:9c3fnIfjQmQ4kyk5Nm3+LsrRWOwmbXvIzK2Xmjf8f1c=
github.com/saichler/l8srlz v0.0.0-20260322124809-505a0d08f95d h1:r12x0ozovrtFsFs9CDtUT5kbJ7QycyAvgefBrgLyN+s=
github.com/saichler/l8srlz v0.0.0-20260322124809-505a0d08f95d/go.mod h1:uDYNwF/5JUA39cg47kX8k+Qh5sI5WjfxgrfmCX5zmwo=
github.com/saichler/l8topology/go v0.0.0-20260328173105-894bfea02a63 h1:xR6GOcHxZi8XoYGl04hioINsx4fsTtGfQAZsTQNrDfY=
github.com/saichler/l8topology/go v0.0.0-20260328173105-894bfea02a63/go.mod h1:tu5LbE4PwiiUhZfb06yomzM61Mx+XwUTGL7q6eCFLkY=
github.com/saichler/l8types v0.0.0-20260326200318-42f7cfad8273 h1:++GJC0gOPeZMDyn/UBPmZxxHhj4w3ivc35vRBbOVgdA=
github.com/saichler/l8types v0.0.0-20260326200318-42f7cfad8273/go.mod h1:0+Snl9PYq+caqTu6OBVaw7mQVn0TrRY9OJz+GelHuM4=
github.com/saichler/l8utils v0.0.0-20260322182652-722ad1c4c3b9 h1:B8UcztHXNSXNLd0+hEfRqAd7P87bY8hiD75hs01qcYA=
github.com/saichler/l8utils v0.0.0-20260322182652-722ad1c4c3b9/go.mod h1:nKdvYAEGLyHfxPg09oR6OfkJ0SniSbPb+Zi6wr/D5LU=
github.com/saichler/l8web v0.0.0-20260327103819-62533b81db27 h1:twiq+1GR0o2lnpjAOeCyzP9hkZeMg33z29LUXTOJq0E=
github.com/saichler/l8web v0.0.0-20260327103819-62533b81db27/go.mod h1:r2j6dgKs41L+dwaSh3hQ9OJN0RnQP0C8NWxAbAn+c8c=
golang.org/x/crypto v0.49.0 h1:+Ng2ULVvLHnJ/ZFEq4KdcDd/cfjrrjjNSXNzxg0Y4U4=
golang.org/x/crypto v0.49.0/go.mod h1:ErX4dUh2UM+CFYiXZRTcMpEcN8b/1gxEuv3nODoYtCA=
golang.org/x/sys v0.42.0 h1:omrd2nAlyT5ESRdCLYdm3+fMfNFE/+Rf4bDIQImRJeo=
golang.org/x/sys v0.42.0/go.mod h1:4GL1E5IUh+htKOUEOaiffhrAeqysfVGipDYzABqnCmw=
golang.org/x/term v0.41.0 h1:QCgPso/Q3RTJx2Th4bDLqML4W6iJiaXFq2/ftQF13YU=
golang.org/x/term v0.41.0/go.mod h1:3pfBgksrReYfZ5lvYM0kSO0LIkAl4Yl2bXOkKP7Ec2A=
golang.org/x/text v0.35.0 h1:JOVx6vVDFokkpaq1AEptVzLTpDe9KGpj5tR4/X+ybL8=
golang.org/x/text v0.35.0/go.mod h1:khi/HExzZJ2pGnjenulevKNX1W67CUy0AsXcNubPGCA=
google.golang.org/protobuf v1.36.11 h1:fV6ZwhNocDyBLK0dj+fg8ektcVegBBuEolpbTQyBNVE=
google.golang.org/protobuf v1.36.11/go.mod h1:HTf+CrKn2C3g5S8VImy6tdcUvCska2kB7j23XfzDpco=
